
Microsoft Visual Studio Solution File, Format Version 12.00
# Visual Studio Version 17
VisualStudioVersion = 17.1.32328.378
MinimumVisualStudioVersion = 10.0.40219.1
Project("{9A19103F-16F7-4668-BE54-9A1E7A4F7556}") = "AlbionOnline", "AlbionOnline.csproj", "{C8B6967C-07E5-4FD2-839F-377A9BFA6DFA}"
EndProject
Global
	GlobalSection(SolutionConfigurationPlatforms) = preSolution
		Debug|Any CPU = Debug|Any CPU
		Release|Any CPU = Release|Any CPU
	EndGlobalSection
	GlobalSection(ProjectConfigurationPlatforms) = postSolution
		{C8B6967C-07E5-4FD2-839F-377A9BFA6DFA}.Debug|Any CPU.ActiveCfg = Debug|Any CPU
		{C8B6967C-07E5-4FD2-839F-377A9BFA6DFA}.Debug|Any CPU.Build.0 = Debug|Any CPU
		{C8B6967C-07E5-4FD2-839F-377A9BFA6DFA}.Release|Any CPU.ActiveCfg = Release|Any CPU
		{C8B6967C-07E5-4FD2-839F-377A9BFA6DFA}.Release|Any CPU.Build.0 = Release|Any CPU
	EndGlobalSection
	GlobalSection(SolutionProperties) = preSolution
		HideSolutionNode = FALSE
	EndGlobalSection
	GlobalSection(ExtensibilityGlobals) = postSolution
		SolutionGuid = {AB9A0343-F48F-475A-87C9-59EFFB0EC4E6}
	EndGlobalSection
EndGlobal
